// !$*UTF8*$!
{
	archiveVersion = 1;
	classes = {
	};
	objectVersion = 77;
	objects = {

/* Begin PBXContainerItemProxy section */
		11D1126D2D54842D00A1E873 /* PBXContainerItemProxy */ = {
			isa = PBXContainerItemProxy;
			containerPortal = 11D1124E2D54842C00A1E873 /* Project object */;
			proxyType = 1;
			remoteGlobalIDString = 11D112552D54842C00A1E873;
			remoteInfo = FastlaneJenkinsTest;
		};
		11D112772D54842D00A1E873 /* PBXContainerItemProxy */ = {
			isa = PBXContainerItemProxy;
			containerPortal = 11D1124E2D54842C00A1E873 /* Project object */;
			proxyType = 1;
			remoteGlobalIDString = 11D112552D54842C00A1E873;
			remoteInfo = FastlaneJenkinsTest;
		};
/* End PBXContainerItemProxy section */

/* Begin PBXFileReference section */
		11D112562D54842C00A1E873 /* FastlaneJenkinsTest.app */ = {isa = PBXFileReference; explicitFileType = wrapper.application; includeInIndex = 0; path = FastlaneJenkinsTest.app; sourceTree = BUILT_PRODUCTS_DIR; };
		11D1126C2D54842D00A1E873 /* FastlaneJenkinsTestTests.xctest */ = {isa = PBXFileReference; explicitFileType = wrapper.cfbundle; includeInIndex = 0; path = FastlaneJenkinsTestTests.xctest; sourceTree = BUILT_PRODUCTS_DIR; };
		11D112762D54842D00A1E873 /* FastlaneJenkinsTestUITests.xctest */ = {isa = PBXFileReference; explicitFileType = wrapper.cfbundle; includeInIndex = 0; path = FastlaneJenkinsTestUITests.xctest; sourceTree = BUILT_PRODUCTS_DIR; };
/* End PBXFileReference section */

/* Begin PBXFileSystemSynchronizedBuildFileExceptionSet section */
		11D1127E2D54842D00A1E873 /* Exceptions for "FastlaneJenkinsTest" folder in "FastlaneJenkinsTest" target */ = {
			isa = PBXFileSystemSynchronizedBuildFileExceptionSet;
			membershipExceptions = (
				Info.plist,
			);
			target = 11D112552D54842C00A1E873 /* FastlaneJenkinsTest */;
		};
/* End PBXFileSystemSynchronizedBuildFileExceptionSet section */

/* Begin PBXFileSystemSynchronizedRootGroup section */
		11D112582D54842C00A1E873 /* FastlaneJenkinsTest */ = {
			isa = PBXFileSystemSynchronizedRootGroup;
			exceptions = (
				11D1127E2D54842D00A1E873 /* Exceptions for "FastlaneJenkinsTest" folder in "FastlaneJenkinsTest" target */,
			);
			path = FastlaneJenkinsTest;
			sourceTree = "<group>";
		};
		11D1126F2D54842D00A1E873 /* FastlaneJenkinsTestTests */ = {
			isa = PBXFileSystemSynchronizedRootGroup;
			path = FastlaneJenkinsTestTests;
			sourceTree = "<group>";
		};
		11D112792D54842D00A1E873 /* FastlaneJenkinsTestUITests */ = {
			isa = PBXFileSystemSynchronizedRootGroup;
			path = FastlaneJenkinsTestUITests;
			sourceTree = "<group>";
		};
/* End PBXFileSystemSynchronizedRootGroup section */

/* Begin PBXFrameworksBuildPhase section */
		11D112532D54842C00A1E873 /* Frameworks */ = {
			isa = PBXFrameworksBuildPhase;
			buildActionMask = 2147483647;
			files = (
			);
			runOnlyForDeploymentPostprocessing = 0;
		};
		11D112692D54842D00A1E873 /* Frameworks */ = {
			isa = PBXFrameworksBuildPhase;
			buildActionMask = 2147483647;
			files = (
			);
			runOnlyForDeploymentPostprocessing = 0;
		};
		11D112732D54842D00A1E873 /* Frameworks */ = {
			isa = PBXFrameworksBuildPhase;
			buildActionMask = 2147483647;
			files = (
			);
			runOnlyForDeploymentPostprocessing = 0;
		};
/* End PBXFrameworksBuildPhase section */

/* Begin PBXGroup section */
		11D1124D2D54842C00A1E873 = {
			isa = PBXGroup;
			children = (
				11D112582D54842C00A1E873 /* FastlaneJenkinsTest */,
				11D1126F2D54842D00A1E873 /* FastlaneJenkinsTestTests */,
				11D112792D54842D00A1E873 /* FastlaneJenkinsTestUITests */,
				11D112572D54842C00A1E873 /* Products */,
			);
			sourceTree = "<group>";
		};
		11D112572D54842C00A1E873 /* Products */ = {
			isa = PBXGroup;
			children = (
				11D112562D54842C00A1E873 /* FastlaneJenkinsTest.app */,
				11D1126C2D54842D00A1E873 /* FastlaneJenkinsTestTests.xctest */,
				11D112762D54842D00A1E873 /* FastlaneJenkinsTestUITests.xctest */,
			);
			name = Products;
			sourceTree = "<group>";
		};
/* End PBXGroup section */

/* Begin PBXNativeTarget section */
		11D112552D54842C00A1E873 /* FastlaneJenkinsTest */ = {
			isa = PBXNativeTarget;
			buildConfigurationList = 11D1127F2D54842D00A1E873 /* Build configuration list for PBXNativeTarget "FastlaneJenkinsTest" */;
			buildPhases = (
				11D112522D54842C00A1E873 /* Sources */,
				11D112532D54842C00A1E873 /* Frameworks */,
				11D112542D54842C00A1E873 /* Resources */,
			);
			buildRules = (
			);
			dependencies = (
			);
			fileSystemSynchronizedGroups = (
				11D112582D54842C00A1E873 /* FastlaneJenkinsTest */,
			);
			name = FastlaneJenkinsTest;
			packageProductDependencies = (
			);
			productName = FastlaneJenkinsTest;
			productReference = 11D112562D54842C00A1E873 /* FastlaneJenkinsTest.app */;
			productType = "com.apple.product-type.application";
		};
		11D1126B2D54842D00A1E873 /* FastlaneJenkinsTestTests */ = {
			isa = PBXNativeTarget;
			buildConfigurationList = 11D112842D54842D00A1E873 /* Build configuration list for PBXNativeTarget "FastlaneJenkinsTestTests" */;
			buildPhases = (
				11D112682D54842D00A1E873 /* Sources */,
				11D112692D54842D00A1E873 /* Frameworks */,
				11D1126A2D54842D00A1E873 /* Resources */,
			);
			buildRules = (
			);
			dependencies = (
				11D1126E2D54842D00A1E873 /* PBXTargetDependency */,
			);
			fileSystemSynchronizedGroups = (
				11D1126F2D54842D00A1E873 /* FastlaneJenkinsTestTests */,
			);
			name = FastlaneJenkinsTestTests;
			packageProductDependencies = (
			);
			productName = FastlaneJenkinsTestTests;
			productReference = 11D1126C2D54842D00A1E873 /* FastlaneJenkinsTestTests.xctest */;
			productType = "com.apple.product-type.bundle.unit-test";
		};
		11D112752D54842D00A1E873 /* FastlaneJenkinsTestUITests */ = {
			isa = PBXNativeTarget;
			buildConfigurationList = 11D112872D54842D00A1E873 /* Build configuration list for PBXNativeTarget "FastlaneJenkinsTestUITests" */;
			buildPhases = (
				11D112722D54842D00A1E873 /* Sources */,
				11D112732D54842D00A1E873 /* Frameworks */,
				11D112742D54842D00A1E873 /* Resources */,
			);
			buildRules = (
			);
			dependencies = (
				11D112782D54842D00A1E873 /* PBXTargetDependency */,
			);
			fileSystemSynchronizedGroups = (
				11D112792D54842D00A1E873 /* FastlaneJenkinsTestUITests */,
			);
			name = FastlaneJenkinsTestUITests;
			packageProductDependencies = (
			);
			productName = FastlaneJenkinsTestUITests;
			productReference = 11D112762D54842D00A1E873 /* FastlaneJenkinsTestUITests.xctest */;
			productType = "com.apple.product-type.bundle.ui-testing";
		};
/* End PBXNativeTarget section */

/* Begin PBXProject section */
		11D1124E2D54842C00A1E873 /* Project object */ = {
			isa = PBXProject;
			attributes = {
				BuildIndependentTargetsInParallel = 1;
				LastSwiftUpdateCheck = 1620;
				LastUpgradeCheck = 1620;
				TargetAttributes = {
					11D112552D54842C00A1E873 = {
						CreatedOnToolsVersion = 16.2;
					};
					11D1126B2D54842D00A1E873 = {
						CreatedOnToolsVersion = 16.2;
						TestTargetID = 11D112552D54842C00A1E873;
					};
					11D112752D54842D00A1E873 = {
						CreatedOnToolsVersion = 16.2;
						TestTargetID = 11D112552D54842C00A1E873;
					};
				};
			};
			buildConfigurationList = 11D112512D54842C00A1E873 /* Build configuration list for PBXProject "FastlaneJenkinsTest" */;
			developmentRegion = en;
			hasScannedForEncodings = 0;
			knownRegions = (
				en,
				Base,
			);
			mainGroup = 11D1124D2D54842C00A1E873;
			minimizedProjectReferenceProxies = 1;
			preferredProjectObjectVersion = 77;
			productRefGroup = 11D112572D54842C00A1E873 /* Products */;
			projectDirPath = "";
			projectRoot = "";
			targets = (
				11D112552D54842C00A1E873 /* FastlaneJenkinsTest */,
				11D1126B2D54842D00A1E873 /* FastlaneJenkinsTestTests */,
				11D112752D54842D00A1E873 /* FastlaneJenkinsTestUITests */,
			);
		};
/* End PBXProject section */

/* Begin PBXResourcesBuildPhase section */
		11D112542D54842C00A1E873 /* Resources */ = {
			isa = PBXResourcesBuildPhase;
			buildActionMask = 2147483647;
			files = (
			);
			runOnlyForDeploymentPostprocessing = 0;
		};
		11D1126A2D54842D00A1E873 /* Resources */ = {
			isa = PBXResourcesBuildPhase;
			buildActionMask = 2147483647;
			files = (
			);
			runOnlyForDeploymentPostprocessing = 0;
		};
		11D112742D54842D00A1E873 /* Resources */ = {
			isa = PBXResourcesBuildPhase;
			buildActionMask = 2147483647;
			files = (
			);
			runOnlyForDeploymentPostprocessing = 0;
		};
/* End PBXResourcesBuildPhase section */

/* Begin PBXSourcesBuildPhase section */
		11D112522D54842C00A1E873 /* Sources */ = {
			isa = PBXSourcesBuildPhase;
			buildActionMask = 2147483647;
			files = (
			);
			runOnlyForDeploymentPostprocessing = 0;
		};
		11D112682D54842D00A1E873 /* Sources */ = {
			isa = PBXSourcesBuildPhase;
			buildActionMask = 2147483647;
			files = (
			);
			runOnlyForDeploymentPostprocessing = 0;
		};
		11D112722D54842D00A1E873 /* Sources */ = {
			isa = PBXSourcesBuildPhase;
			buildActionMask = 2147483647;
			files = (
			);
			runOnlyForDeploymentPostprocessing = 0;
		};
/* End PBXSourcesBuildPhase section */

/* Begin PBXTargetDependency section */
		11D1126E2D54842D00A1E873 /* PBXTargetDependency */ = {
			isa = PBXTargetDependency;
			target = 11D112552D54842C00A1E873 /* FastlaneJenkinsTest */;
			targetProxy = 11D1126D2D54842D00A1E873 /* PBXContainerItemProxy */;
		};
		11D112782D54842D00A1E873 /* PBXTargetDependency */ = {
			isa = PBXTargetDependency;
			target = 11D112552D54842C00A1E873 /* FastlaneJenkinsTest */;
			targetProxy = 11D112772D54842D00A1E873 /* PBXContainerItemProxy */;
		};
/* End PBXTargetDependency section */

/* Begin XCBuildConfiguration section */
		11D112802D54842D00A1E873 /* Debug */ = {
			isa = XCBuildConfiguration;
			buildSettings = {
				ASSETCATALOG_COMPILER_APPICON_NAME = AppIcon;
				ASSETCATALOG_COMPILER_GLOBAL_ACCENT_COLOR_NAME = AccentColor;
				CODE_SIGN_STYLE = Automatic;
				CURRENT_PROJECT_VERSION = 1;
				DEVELOPMENT_TEAM = L63F7HLTNK;
				GENERATE_INFOPLIST_FILE = YES;
				INFOPLIST_FILE = FastlaneJenkinsTest/Info.plist;
				INFOPLIST_KEY_UIApplicationSupportsIndirectInputEvents = YES;
				INFOPLIST_KEY_UILaunchStoryboardName = LaunchScreen;
				INFOPLIST_KEY_UIMainStoryboardFile = Main;
				INFOPLIST_KEY_UISupportedInterfaceOrientations_iPad = "UIInterfaceOrientationPortrait UIInterfaceOrientationPortraitUpsideDown UIInterfaceOrientationLandscapeLeft UIInterfaceOrientationLandscapeRight";
				INFOPLIST_KEY_UISupportedInterfaceOrientations_iPhone = "UIInterfaceOrientationPortrait UIInterfaceOrientationLandscapeLeft UIInterfaceOrientationLandscapeRight";
				LD_RUNPATH_SEARCH_PATHS = (
					"$(inherited)",
					"@executable_path/Frameworks",
				);
				MARKETING_VERSION = 1.0;
				PRODUCT_BUNDLE_IDENTIFIER = com.DemoTBLView.FastlaneJenkinsTest;
				PRODUCT_NAME = "$(TARGET_NAME)";
				SWIFT_EMIT_LOC_STRINGS = YES;
				SWIFT_VERSION = 5.0;
				TARGETED_DEVICE_FAMILY = "1,2";
			};
			name = Debug;
		};
		11D112812D54842D00A1E873 /* Release */ = {
			isa = XCBuildConfiguration;
			buildSettings = {
				ASSETCATALOG_COMPILER_APPICON_NAME = AppIcon;
				ASSETCATALOG_COMPILER_GLOBAL_ACCENT_COLOR_NAME = AccentColor;
				CODE_SIGN_STYLE = Automatic;
				CURRENT_PROJECT_VERSION = 1;
				DEVELOPMENT_TEAM = L63F7HLTNK;
				GENERATE_INFOPLIST_FILE = YES;
				INFOPLIST_FILE = FastlaneJenkinsTest/Info.plist;
				INFOPLIST_KEY_UIApplicationSupportsIndirectInputEvents = YES;
				INFOPLIST_KEY_UILaunchStoryboardName = LaunchScreen;
				INFOPLIST_KEY_UIMainStoryboardFile = Main;
				INFOPLIST_KEY_UISupportedInterfaceOrientations_iPad = "UIInterfaceOrientationPortrait UIInterfaceOrientationPortraitUpsideDown UIInterfaceOrientationLandscapeLeft UIInterfaceOrientationLandscapeRight";
				INFOPLIST_KEY_UISupportedInterfaceOrientations_iPhone = "UIInterfaceOrientationPortrait UIInterfaceOrientationLandscapeLeft UIInterfaceOrientationLandscapeRight";
				LD_RUNPATH_SEARCH_PATHS = (
					"$(inherited)",
					"@executable_path/Frameworks",
				);
				MARKETING_VERSION = 1.0;
				PRODUCT_BUNDLE_IDENTIFIER = com.DemoTBLView.FastlaneJenkinsTest;
				PRODUCT_NAME = "$(TARGET_NAME)";
				SWIFT_EMIT_LOC_STRINGS = YES;
				SWIFT_VERSION = 5.0;
				TARGETED_DEVICE_FAMILY = "1,2";
			};
			name = Release;
		};
		11D112822D54842D00A1E873 /* Debug */ = {
			isa = XCBuildConfiguration;
			buildSettings = {
				ALWAYS_SEARCH_USER_PATHS = NO;
				ASSETCATALOG_COMPILER_GENERATE_SWIFT_ASSET_SYMBOL_EXTENSIONS = YES;
				CLANG_ANALYZER_NONNULL = YES;
				CLANG_ANALYZER_NUMBER_OBJECT_CONVERSION = YES_AGGRESSIVE;
				CLANG_CXX_LANGUAGE_STANDARD = "gnu++20";
				CLANG_ENABLE_MODULES = YES;
				CLANG_ENABLE_OBJC_ARC = YES;
				CLANG_ENABLE_OBJC_WEAK = YES;
				CLANG_WARN_BLOCK_CAPTURE_AUTORELEASING = YES;
				CLANG_WARN_BOOL_CONVERSION = YES;
				CLANG_WARN_COMMA = YES;
				CLANG_WARN_CONSTANT_CONVERSION = YES;
				CLANG_WARN_DEPRECATED_OBJC_IMPLEMENTATIONS = YES;
				CLANG_WARN_DIRECT_OBJC_ISA_USAGE = YES_ERROR;
				CLANG_WARN_DOCUMENTATION_COMMENTS = YES;
				CLANG_WARN_EMPTY_BODY = YES;
				CLANG_WARN_ENUM_CONVERSION = YES;
				CLANG_WARN_INFINITE_RECURSION = YES;
				CLANG_WARN_INT_CONVERSION = YES;
				CLANG_WARN_NON_LITERAL_NULL_CONVERSION = YES;
				CLANG_WARN_OBJC_IMPLICIT_RETAIN_SELF = YES;
				CLANG_WARN_OBJC_LITERAL_CONVERSION = YES;
				CLANG_WARN_OBJC_ROOT_CLASS = YES_ERROR;
				CLANG_WARN_QUOTED_INCLUDE_IN_FRAMEWORK_HEADER = YES;
				CLANG_WARN_RANGE_LOOP_ANALYSIS = YES;
				CLANG_WARN_STRICT_PROTOTYPES = YES;
				CLANG_WARN_SUSPICIOUS_MOVE = YES;
				CLANG_WARN_UNGUARDED_AVAILABILITY = YES_AGGRESSIVE;
				CLANG_WARN_UNREACHABLE_CODE = YES;
				CLANG_WARN__DUPLICATE_METHOD_MATCH = YES;
				COPY_PHASE_STRIP = NO;
				DEBUG_INFORMATION_FORMAT = dwarf;
				ENABLE_STRICT_OBJC_MSGSEND = YES;
				ENABLE_TESTABILITY = YES;
				ENABLE_USER_SCRIPT_SANDBOXING = YES;
				GCC_C_LANGUAGE_STANDARD = gnu17;
				GCC_DYNAMIC_NO_PIC = NO;
				GCC_NO_COMMON_BLOCKS = YES;
				GCC_OPTIMIZATION_LEVEL = 0;
				GCC_PREPROCESSOR_DEFINITIONS = (
					"DEBUG=1",
					"$(inherited)",
				);
				GCC_WARN_64_TO_32_BIT_CONVERSION = YES;
				GCC_WARN_ABOUT_RETURN_TYPE = YES_ERROR;
				GCC_WARN_UNDECLARED_SELECTOR = YES;
				GCC_WARN_UNINITIALIZED_AUTOS = YES_AGGRESSIVE;
				GCC_WARN_UNUSED_FUNCTION = YES;
				GCC_WARN_UNUSED_VARIABLE = YES;
				IPHONEOS_DEPLOYMENT_TARGET = 18.2;
				LOCALIZATION_PREFERS_STRING_CATALOGS = YES;
				MTL_ENABLE_DEBUG_INFO = INCLUDE_SOURCE;
				MTL_FAST_MATH = YES;
				ONLY_ACTIVE_ARCH = YES;
				SDKROOT = iphoneos;
				SWIFT_ACTIVE_COMPILATION_CONDITIONS = "DEBUG $(inherited)";
				SWIFT_OPTIMIZATION_LEVEL = "-Onone";
			};
			name = Debug;
		};
		11D112832D54842D00A1E873 /* Release */ = {
			isa = XCBuildConfiguration;
			buildSettings = {
				ALWAYS_SEARCH_USER_PATHS = NO;
				ASSETCATALOG_COMPILER_GENERATE_SWIFT_ASSET_SYMBOL_EXTENSIONS = YES;
				CLANG_ANALYZER_NONNULL = YES;
				CLANG_ANALYZER_NUMBER_OBJECT_CONVERSION = YES_AGGRESSIVE;
				CLANG_CXX_LANGUAGE_STANDARD = "gnu++20";
				CLANG_ENABLE_MODULES = YES;
				CLANG_ENABLE_OBJC_ARC = YES;
				CLANG_ENABLE_OBJC_WEAK = YES;
				CLANG_WARN_BLOCK_CAPTURE_AUTORELEASING = YES;
				CLANG_WARN_BOOL_CONVERSION = YES;
				CLANG_WARN_COMMA = YES;
				CLANG_WARN_CONSTANT_CONVERSION = YES;
				CLANG_WARN_DEPRECATED_OBJC_IMPLEMENTATIONS = YES;
				CLANG_WARN_DIRECT_OBJC_ISA_USAGE = YES_ERROR;
				CLANG_WARN_DOCUMENTATION_COMMENTS = YES;
				CLANG_WARN_EMPTY_BODY = YES;
				CLANG_WARN_ENUM_CONVERSION = YES;
				CLANG_WARN_INFINITE_RECURSION = YES;
				CLANG_WARN_INT_CONVERSION = YES;
				CLANG_WARN_NON_LITERAL_NULL_CONVERSION = YES;
				CLANG_WARN_OBJC_IMPLICIT_RETAIN_SELF = YES;
				CLANG_WARN_OBJC_LITERAL_CONVERSION = YES;
				CLANG_WARN_OBJC_ROOT_CLASS = YES_ERROR;
				CLANG_WARN_QUOTED_INCLUDE_IN_FRAMEWORK_HEADER = YES;
				CLANG_WARN_RANGE_LOOP_ANALYSIS = YES;
				CLANG_WARN_STRICT_PROTOTYPES = YES;
				CLANG_WARN_SUSPICIOUS_MOVE = YES;
				CLANG_WARN_UNGUARDED_AVAILABILITY = YES_AGGRESSIVE;
				CLANG_WARN_UNREACHABLE_CODE = YES;
				CLANG_WARN__DUPLICATE_METHOD_MATCH = YES;
				COPY_PHASE_STRIP = NO;
				DEBUG_INFORMATION_FORMAT = "dwarf-with-dsym";
				ENABLE_NS_ASSERTIONS = NO;
				ENABLE_STRICT_OBJC_MSGSEND = YES;
				ENABLE_USER_SCRIPT_SANDBOXING = YES;
				GCC_C_LANGUAGE_STANDARD = gnu17;
				GCC_NO_COMMON_BLOCKS = YES;
				GCC_WARN_64_TO_32_BIT_CONVERSION = YES;
				GCC_WARN_ABOUT_RETURN_TYPE = YES_ERROR;
				GCC_WARN_UNDECLARED_SELECTOR = YES;
				GCC_WARN_UNINITIALIZED_AUTOS = YES_AGGRESSIVE;
				GCC_WARN_UNUSED_FUNCTION = YES;
				GCC_WARN_UNUSED_VARIABLE = YES;
				IPHONEOS_DEPLOYMENT_TARGET = 18.2;
				LOCALIZATION_PREFERS_STRING_CATALOGS = YES;
				MTL_ENABLE_DEBUG_INFO = NO;
				MTL_FAST_MATH = YES;
				SDKROOT = iphoneos;
				SWIFT_COMPILATION_MODE = wholemodule;
				VALIDATE_PRODUCT = YES;
			};
			name = Release;
		};
		11D112852D54842D00A1E873 /* Debug */ = {
			isa = XCBuildConfiguration;
			buildSettings = {
				BUNDLE_LOADER = "$(TEST_HOST)";
				CODE_SIGN_STYLE = Automatic;
				CURRENT_PROJECT_VERSION = 1;
				DEVELOPMENT_TEAM = L63F7HLTNK;
				GENERATE_INFOPLIST_FILE = YES;
				IPHONEOS_DEPLOYMENT_TARGET = 18.2;
				MARKETING_VERSION = 1.0;
				PRODUCT_BUNDLE_IDENTIFIER = com.DemoTBLView.FastlaneJenkinsTestTests;
				PRODUCT_NAME = "$(TARGET_NAME)";
				SWIFT_EMIT_LOC_STRINGS = NO;
				SWIFT_VERSION = 5.0;
				TARGETED_DEVICE_FAMILY = "1,2";
				TEST_HOST = "$(BUILT_PRODUCTS_DIR)/FastlaneJenkinsTest.app/$(BUNDLE_EXECUTABLE_FOLDER_PATH)/FastlaneJenkinsTest";
			};
			name = Debug;
		};
		11D112862D54842D00A1E873 /* Release */ = {
			isa = XCBuildConfiguration;
			buildSettings = {
				BUNDLE_LOADER = "$(TEST_HOST)";
				CODE_SIGN_STYLE = Automatic;
				CURRENT_PROJECT_VERSION = 1;
				DEVELOPMENT_TEAM = L63F7HLTNK;
				GENERATE_INFOPLIST_FILE = YES;
				IPHONEOS_DEPLOYMENT_TARGET = 18.2;
				MARKETING_VERSION = 1.0;
				PRODUCT_BUNDLE_IDENTIFIER = com.DemoTBLView.FastlaneJenkinsTestTests;
				PRODUCT_NAME = "$(TARGET_NAME)";
				SWIFT_EMIT_LOC_STRINGS = NO;
				SWIFT_VERSION = 5.0;
				TARGETED_DEVICE_FAMILY = "1,2";
				TEST_HOST = "$(BUILT_PRODUCTS_DIR)/FastlaneJenkinsTest.app/$(BUNDLE_EXECUTABLE_FOLDER_PATH)/FastlaneJenkinsTest";
			};
			name = Release;
		};
		11D112882D54842D00A1E873 /* Debug */ = {
			isa = XCBuildConfiguration;
			buildSettings = {
				CODE_SIGN_STYLE = Automatic;
				CURRENT_PROJECT_VERSION = 1;
				DEVELOPMENT_TEAM = L63F7HLTNK;
				GENERATE_INFOPLIST_FILE = YES;
				MARKETING_VERSION = 1.0;
				PRODUCT_BUNDLE_IDENTIFIER = com.DemoTBLView.FastlaneJenkinsTestUITests;
				PRODUCT_NAME = "$(TARGET_NAME)";
				SWIFT_EMIT_LOC_STRINGS = NO;
				SWIFT_VERSION = 5.0;
				TARGETED_DEVICE_FAMILY = "1,2";
				TEST_TARGET_NAME = FastlaneJenkinsTest;
			};
			name = Debug;
		};
		11D112892D54842D00A1E873 /* Release */ = {
			isa = XCBuildConfiguration;
			buildSettings = {
				CODE_SIGN_STYLE = Automatic;
				CURRENT_PROJECT_VERSION = 1;
				DEVELOPMENT_TEAM = L63F7HLTNK;
				GENERATE_INFOPLIST_FILE = YES;
				MARKETING_VERSION = 1.0;
				PRODUCT_BUNDLE_IDENTIFIER = com.DemoTBLView.FastlaneJenkinsTestUITests;
				PRODUCT_NAME = "$(TARGET_NAME)";
				SWIFT_EMIT_LOC_STRINGS = NO;
				SWIFT_VERSION = 5.0;
				TARGETED_DEVICE_FAMILY = "1,2";
				TEST_TARGET_NAME = FastlaneJenkinsTest;
			};
			name = Release;
		};
/* End XCBuildConfiguration section */

/* Begin XCConfigurationList section */
		11D112512D54842C00A1E873 /* Build configuration list for PBXProject "FastlaneJenkinsTest" */ = {
			isa = XCConfigurationList;
			buildConfigurations = (
				11D112822D54842D00A1E873 /* Debug */,
				11D112832D54842D00A1E873 /* Release */,
			);
			defaultConfigurationIsVisible = 0;
			defaultConfigurationName = Release;
		};
		11D1127F2D54842D00A1E873 /* Build configuration list for PBXNativeTarget "FastlaneJenkinsTest" */ = {
			isa = XCConfigurationList;
			buildConfigurations = (
				11D112802D54842D00A1E873 /* Debug */,
				11D112812D54842D00A1E873 /* Release */,
			);
			defaultConfigurationIsVisible = 0;
			defaultConfigurationName = Release;
		};
		11D112842D54842D00A1E873 /* Build configuration list for PBXNativeTarget "FastlaneJenkinsTestTests" */ = {
			isa = XCConfigurationList;
			buildConfigurations = (
				11D112852D54842D00A1E873 /* Debug */,
				11D112862D54842D00A1E873 /* Release */,
			);
			defaultConfigurationIsVisible = 0;
			defaultConfigurationName = Release;
		};
		11D112872D54842D00A1E873 /* Build configuration list for PBXNativeTarget "FastlaneJenkinsTestUITests" */ = {
			isa = XCConfigurationList;
			buildConfigurations = (
				11D112882D54842D00A1E873 /* Debug */,
				11D112892D54842D00A1E873 /* Release */,
			);
			defaultConfigurationIsVisible = 0;
			defaultConfigurationName = Release;
		};
/* End XCConfigurationList section */
	};
	rootObject = 11D1124E2D54842C00A1E873 /* Project object */;
}
