// !$*UTF8*$!
{
	archiveVersion = 1;
	classes = {
	};
	objectVersion = 77;
	objects = {

/* Begin PBXContainerItemProxy section */
		11AFCFD02D5492F200C32454 /* PBXContainerItemProxy */ = {
			isa = PBXContainerItemProxy;
			containerPortal = 11AFCFB12D5492F100C32454 /* Project object */;
			proxyType = 1;
			remoteGlobalIDString = 11AFCFB82D5492F100C32454;
			remoteInfo = FastlaneJenkins;
		};
		11AFCFDA2D5492F200C32454 /* PBXContainerItemProxy */ = {
			isa = PBXContainerItemProxy;
			containerPortal = 11AFCFB12D5492F100C32454 /* Project object */;
			proxyType = 1;
			remoteGlobalIDString = 11AFCFB82D5492F100C32454;
			remoteInfo = FastlaneJenkins;
		};
/* End PBXContainerItemProxy section */

/* Begin PBXFileReference section */
		11AFCFB92D5492F100C32454 /* FastlaneJenkins.app */ = {isa = PBXFileReference; explicitFileType = wrapper.application; includeInIndex = 0; path = FastlaneJenkins.app; sourceTree = BUILT_PRODUCTS_DIR; };
		11AFCFCF2D5492F200C32454 /* FastlaneJenkinsTests.xctest */ = {isa = PBXFileReference; explicitFileType = wrapper.cfbundle; includeInIndex = 0; path = FastlaneJenkinsTests.xctest; sourceTree = BUILT_PRODUCTS_DIR; };
		11AFCFD92D5492F200C32454 /* FastlaneJenkinsUITests.xctest */ = {isa = PBXFileReference; explicitFileType = wrapper.cfbundle; includeInIndex = 0; path = FastlaneJenkinsUITests.xctest; sourceTree = BUILT_PRODUCTS_DIR; };
/* End PBXFileReference section */

/* Begin PBXFileSystemSynchronizedBuildFileExceptionSet section */
		11AFCFE12D5492F200C32454 /* Exceptions for "FastlaneJenkins" folder in "FastlaneJenkins" target */ = {
			isa = PBXFileSystemSynchronizedBuildFileExceptionSet;
			membershipExceptions = (
				Info.plist,
			);
			target = 11AFCFB82D5492F100C32454 /* FastlaneJenkins */;
		};
/* End PBXFileSystemSynchronizedBuildFileExceptionSet section */

/* Begin PBXFileSystemSynchronizedRootGroup section */
		11AFCFBB2D5492F100C32454 /* FastlaneJenkins */ = {
			isa = PBXFileSystemSynchronizedRootGroup;
			exceptions = (
				11AFCFE12D5492F200C32454 /* Exceptions for "FastlaneJenkins" folder in "FastlaneJenkins" target */,
			);
			path = FastlaneJenkins;
			sourceTree = "<group>";
		};
		11AFCFD22D5492F200C32454 /* FastlaneJenkinsTests */ = {
			isa = PBXFileSystemSynchronizedRootGroup;
			path = FastlaneJenkinsTests;
			sourceTree = "<group>";
		};
		11AFCFDC2D5492F200C32454 /* FastlaneJenkinsUITests */ = {
			isa = PBXFileSystemSynchronizedRootGroup;
			path = FastlaneJenkinsUITests;
			sourceTree = "<group>";
		};
/* End PBXFileSystemSynchronizedRootGroup section */

/* Begin PBXFrameworksBuildPhase section */
		11AFCFB62D5492F100C32454 /* Frameworks */ = {
			isa = PBXFrameworksBuildPhase;
			buildActionMask = 2147483647;
			files = (
			);
			runOnlyForDeploymentPostprocessing = 0;
		};
		11AFCFCC2D5492F200C32454 /* Frameworks */ = {
			isa = PBXFrameworksBuildPhase;
			buildActionMask = 2147483647;
			files = (
			);
			runOnlyForDeploymentPostprocessing = 0;
		};
		11AFCFD62D5492F200C32454 /* Frameworks */ = {
			isa = PBXFrameworksBuildPhase;
			buildActionMask = 2147483647;
			files = (
			);
			runOnlyForDeploymentPostprocessing = 0;
		};
/* End PBXFrameworksBuildPhase section */

/* Begin PBXGroup section */
		11AFCFB02D5492F100C32454 = {
			isa = PBXGroup;
			children = (
				11AFCFBB2D5492F100C32454 /* FastlaneJenkins */,
				11AFCFD22D5492F200C32454 /* FastlaneJenkinsTests */,
				11AFCFDC2D5492F200C32454 /* FastlaneJenkinsUITests */,
				11AFCFBA2D5492F100C32454 /* Products */,
			);
			sourceTree = "<group>";
		};
		11AFCFBA2D5492F100C32454 /* Products */ = {
			isa = PBXGroup;
			children = (
				11AFCFB92D5492F100C32454 /* FastlaneJenkins.app */,
				11AFCFCF2D5492F200C32454 /* FastlaneJenkinsTests.xctest */,
				11AFCFD92D5492F200C32454 /* FastlaneJenkinsUITests.xctest */,
			);
			name = Products;
			sourceTree = "<group>";
		};
/* End PBXGroup section */

/* Begin PBXNativeTarget section */
		11AFCFB82D5492F100C32454 /* FastlaneJenkins */ = {
			isa = PBXNativeTarget;
			buildConfigurationList = 11AFCFE22D5492F200C32454 /* Build configuration list for PBXNativeTarget "FastlaneJenkins" */;
			buildPhases = (
				11AFCFB52D5492F100C32454 /* Sources */,
				11AFCFB62D5492F100C32454 /* Frameworks */,
				11AFCFB72D5492F100C32454 /* Resources */,
			);
			buildRules = (
			);
			dependencies = (
			);
			fileSystemSynchronizedGroups = (
				11AFCFBB2D5492F100C32454 /* FastlaneJenkins */,
			);
			name = FastlaneJenkins;
			packageProductDependencies = (
			);
			productName = FastlaneJenkins;
			productReference = 11AFCFB92D5492F100C32454 /* FastlaneJenkins.app */;
			productType = "com.apple.product-type.application";
		};
		11AFCFCE2D5492F200C32454 /* FastlaneJenkinsTests */ = {
			isa = PBXNativeTarget;
			buildConfigurationList = 11AFCFE72D5492F200C32454 /* Build configuration list for PBXNativeTarget "FastlaneJenkinsTests" */;
			buildPhases = (
				11AFCFCB2D5492F200C32454 /* Sources */,
				11AFCFCC2D5492F200C32454 /* Frameworks */,
				11AFCFCD2D5492F200C32454 /* Resources */,
			);
			buildRules = (
			);
			dependencies = (
				11AFCFD12D5492F200C32454 /* PBXTargetDependency */,
			);
			fileSystemSynchronizedGroups = (
				11AFCFD22D5492F200C32454 /* FastlaneJenkinsTests */,
			);
			name = FastlaneJenkinsTests;
			packageProductDependencies = (
			);
			productName = FastlaneJenkinsTests;
			productReference = 11AFCFCF2D5492F200C32454 /* FastlaneJenkinsTests.xctest */;
			productType = "com.apple.product-type.bundle.unit-test";
		};
		11AFCFD82D5492F200C32454 /* FastlaneJenkinsUITests */ = {
			isa = PBXNativeTarget;
			buildConfigurationList = 11AFCFEA2D5492F200C32454 /* Build configuration list for PBXNativeTarget "FastlaneJenkinsUITests" */;
			buildPhases = (
				11AFCFD52D5492F200C32454 /* Sources */,
				11AFCFD62D5492F200C32454 /* Frameworks */,
				11AFCFD72D5492F200C32454 /* Resources */,
			);
			buildRules = (
			);
			dependencies = (
				11AFCFDB2D5492F200C32454 /* PBXTargetDependency */,
			);
			fileSystemSynchronizedGroups = (
				11AFCFDC2D5492F200C32454 /* FastlaneJenkinsUITests */,
			);
			name = FastlaneJenkinsUITests;
			packageProductDependencies = (
			);
			productName = FastlaneJenkinsUITests;
			productReference = 11AFCFD92D5492F200C32454 /* FastlaneJenkinsUITests.xctest */;
			productType = "com.apple.product-type.bundle.ui-testing";
		};
/* End PBXNativeTarget section */

/* Begin PBXProject section */
		11AFCFB12D5492F100C32454 /* Project object */ = {
			isa = PBXProject;
			attributes = {
				BuildIndependentTargetsInParallel = 1;
				LastSwiftUpdateCheck = 1620;
				LastUpgradeCheck = 1620;
				TargetAttributes = {
					11AFCFB82D5492F100C32454 = {
						CreatedOnToolsVersion = 16.2;
					};
					11AFCFCE2D5492F200C32454 = {
						CreatedOnToolsVersion = 16.2;
						TestTargetID = 11AFCFB82D5492F100C32454;
					};
					11AFCFD82D5492F200C32454 = {
						CreatedOnToolsVersion = 16.2;
						TestTargetID = 11AFCFB82D5492F100C32454;
					};
				};
			};
			buildConfigurationList = 11AFCFB42D5492F100C32454 /* Build configuration list for PBXProject "FastlaneJenkins" */;
			developmentRegion = en;
			hasScannedForEncodings = 0;
			knownRegions = (
				en,
				Base,
			);
			mainGroup = 11AFCFB02D5492F100C32454;
			minimizedProjectReferenceProxies = 1;
			preferredProjectObjectVersion = 77;
			productRefGroup = 11AFCFBA2D5492F100C32454 /* Products */;
			projectDirPath = "";
			projectRoot = "";
			targets = (
				11AFCFB82D5492F100C32454 /* FastlaneJenkins */,
				11AFCFCE2D5492F200C32454 /* FastlaneJenkinsTests */,
				11AFCFD82D5492F200C32454 /* FastlaneJenkinsUITests */,
			);
		};
/* End PBXProject section */

/* Begin PBXResourcesBuildPhase section */
		11AFCFB72D5492F100C32454 /* Resources */ = {
			isa = PBXResourcesBuildPhase;
			buildActionMask = 2147483647;
			files = (
			);
			runOnlyForDeploymentPostprocessing = 0;
		};
		11AFCFCD2D5492F200C32454 /* Resources */ = {
			isa = PBXResourcesBuildPhase;
			buildActionMask = 2147483647;
			files = (
			);
			runOnlyForDeploymentPostprocessing = 0;
		};
		11AFCFD72D5492F200C32454 /* Resources */ = {
			isa = PBXResourcesBuildPhase;
			buildActionMask = 2147483647;
			files = (
			);
			runOnlyForDeploymentPostprocessing = 0;
		};
/* End PBXResourcesBuildPhase section */

/* Begin PBXSourcesBuildPhase section */
		11AFCFB52D5492F100C32454 /* Sources */ = {
			isa = PBXSourcesBuildPhase;
			buildActionMask = 2147483647;
			files = (
			);
			runOnlyForDeploymentPostprocessing = 0;
		};
		11AFCFCB2D5492F200C32454 /* Sources */ = {
			isa = PBXSourcesBuildPhase;
			buildActionMask = 2147483647;
			files = (
			);
			runOnlyForDeploymentPostprocessing = 0;
		};
		11AFCFD52D5492F200C32454 /* Sources */ = {
			isa = PBXSourcesBuildPhase;
			buildActionMask = 2147483647;
			files = (
			);
			runOnlyForDeploymentPostprocessing = 0;
		};
/* End PBXSourcesBuildPhase section */

/* Begin PBXTargetDependency section */
		11AFCFD12D5492F200C32454 /* PBXTargetDependency */ = {
			isa = PBXTargetDependency;
			target = 11AFCFB82D5492F100C32454 /* FastlaneJenkins */;
			targetProxy = 11AFCFD02D5492F200C32454 /* PBXContainerItemProxy */;
		};
		11AFCFDB2D5492F200C32454 /* PBXTargetDependency */ = {
			isa = PBXTargetDependency;
			target = 11AFCFB82D5492F100C32454 /* FastlaneJenkins */;
			targetProxy = 11AFCFDA2D5492F200C32454 /* PBXContainerItemProxy */;
		};
/* End PBXTargetDependency section */

/* Begin XCBuildConfiguration section */
		11AFCFE32D5492F200C32454 /* Debug */ = {
			isa = XCBuildConfiguration;
			buildSettings = {
				ASSETCATALOG_COMPILER_APPICON_NAME = AppIcon;
				ASSETCATALOG_COMPILER_GLOBAL_ACCENT_COLOR_NAME = AccentColor;
				CODE_SIGN_STYLE = Automatic;
				CURRENT_PROJECT_VERSION = 1;
				DEVELOPMENT_TEAM = L63F7HLTNK;
				GENERATE_INFOPLIST_FILE = YES;
				INFOPLIST_FILE = FastlaneJenkins/Info.plist;
				INFOPLIST_KEY_UIApplicationSupportsIndirectInputEvents = YES;
				INFOPLIST_KEY_UILaunchStoryboardName = LaunchScreen;
				INFOPLIST_KEY_UIMainStoryboardFile = Main;
				INFOPLIST_KEY_UISupportedInterfaceOrientations_iPad = "UIInterfaceOrientationPortrait UIInterfaceOrientationPortraitUpsideDown UIInterfaceOrientationLandscapeLeft UIInterfaceOrientationLandscapeRight";
				INFOPLIST_KEY_UISupportedInterfaceOrientations_iPhone = "UIInterfaceOrientationPortrait UIInterfaceOrientationLandscapeLeft UIInterfaceOrientationLandscapeRight";
				LD_RUNPATH_SEARCH_PATHS = (
					"$(inherited)",
					"@executable_path/Frameworks",
				);
				MARKETING_VERSION = 1.0;
				PRODUCT_BUNDLE_IDENTIFIER = com.DemoTBLView.FastlaneJenkins;
				PRODUCT_NAME = "$(TARGET_NAME)";
				SWIFT_EMIT_LOC_STRINGS = YES;
				SWIFT_VERSION = 5.0;
				TARGETED_DEVICE_FAMILY = "1,2";
			};
			name = Debug;
		};
		11AFCFE42D5492F200C32454 /* Release */ = {
			isa = XCBuildConfiguration;
			buildSettings = {
				ASSETCATALOG_COMPILER_APPICON_NAME = AppIcon;
				ASSETCATALOG_COMPILER_GLOBAL_ACCENT_COLOR_NAME = AccentColor;
				CODE_SIGN_STYLE = Automatic;
				CURRENT_PROJECT_VERSION = 1;
				DEVELOPMENT_TEAM = L63F7HLTNK;
				GENERATE_INFOPLIST_FILE = YES;
				INFOPLIST_FILE = FastlaneJenkins/Info.plist;
				INFOPLIST_KEY_UIApplicationSupportsIndirectInputEvents = YES;
				INFOPLIST_KEY_UILaunchStoryboardName = LaunchScreen;
				INFOPLIST_KEY_UIMainStoryboardFile = Main;
				INFOPLIST_KEY_UISupportedInterfaceOrientations_iPad = "UIInterfaceOrientationPortrait UIInterfaceOrientationPortraitUpsideDown UIInterfaceOrientationLandscapeLeft UIInterfaceOrientationLandscapeRight";
				INFOPLIST_KEY_UISupportedInterfaceOrientations_iPhone = "UIInterfaceOrientationPortrait UIInterfaceOrientationLandscapeLeft UIInterfaceOrientationLandscapeRight";
				LD_RUNPATH_SEARCH_PATHS = (
					"$(inherited)",
					"@executable_path/Frameworks",
				);
				MARKETING_VERSION = 1.0;
				PRODUCT_BUNDLE_IDENTIFIER = com.DemoTBLView.FastlaneJenkins;
				PRODUCT_NAME = "$(TARGET_NAME)";
				SWIFT_EMIT_LOC_STRINGS = YES;
				SWIFT_VERSION = 5.0;
				TARGETED_DEVICE_FAMILY = "1,2";
			};
			name = Release;
		};
		11AFCFE52D5492F200C32454 /* Debug */ = {
			isa = XCBuildConfiguration;
			buildSettings = {
				ALWAYS_SEARCH_USER_PATHS = NO;
				ASSETCATALOG_COMPILER_GENERATE_SWIFT_ASSET_SYMBOL_EXTENSIONS = YES;
				CLANG_ANALYZER_NONNULL = YES;
				CLANG_ANALYZER_NUMBER_OBJECT_CONVERSION = YES_AGGRESSIVE;
				CLANG_CXX_LANGUAGE_STANDARD = "gnu++20";
				CLANG_ENABLE_MODULES = YES;
				CLANG_ENABLE_OBJC_ARC = YES;
				CLANG_ENABLE_OBJC_WEAK = YES;
				CLANG_WARN_BLOCK_CAPTURE_AUTORELEASING = YES;
				CLANG_WARN_BOOL_CONVERSION = YES;
				CLANG_WARN_COMMA = YES;
				CLANG_WARN_CONSTANT_CONVERSION = YES;
				CLANG_WARN_DEPRECATED_OBJC_IMPLEMENTATIONS = YES;
				CLANG_WARN_DIRECT_OBJC_ISA_USAGE = YES_ERROR;
				CLANG_WARN_DOCUMENTATION_COMMENTS = YES;
				CLANG_WARN_EMPTY_BODY = YES;
				CLANG_WARN_ENUM_CONVERSION = YES;
				CLANG_WARN_INFINITE_RECURSION = YES;
				CLANG_WARN_INT_CONVERSION = YES;
				CLANG_WARN_NON_LITERAL_NULL_CONVERSION = YES;
				CLANG_WARN_OBJC_IMPLICIT_RETAIN_SELF = YES;
				CLANG_WARN_OBJC_LITERAL_CONVERSION = YES;
				CLANG_WARN_OBJC_ROOT_CLASS = YES_ERROR;
				CLANG_WARN_QUOTED_INCLUDE_IN_FRAMEWORK_HEADER = YES;
				CLANG_WARN_RANGE_LOOP_ANALYSIS = YES;
				CLANG_WARN_STRICT_PROTOTYPES = YES;
				CLANG_WARN_SUSPICIOUS_MOVE = YES;
				CLANG_WARN_UNGUARDED_AVAILABILITY = YES_AGGRESSIVE;
				CLANG_WARN_UNREACHABLE_CODE = YES;
				CLANG_WARN__DUPLICATE_METHOD_MATCH = YES;
				COPY_PHASE_STRIP = NO;
				DEBUG_INFORMATION_FORMAT = dwarf;
				ENABLE_STRICT_OBJC_MSGSEND = YES;
				ENABLE_TESTABILITY = YES;
				ENABLE_USER_SCRIPT_SANDBOXING = YES;
				GCC_C_LANGUAGE_STANDARD = gnu17;
				GCC_DYNAMIC_NO_PIC = NO;
				GCC_NO_COMMON_BLOCKS = YES;
				GCC_OPTIMIZATION_LEVEL = 0;
				GCC_PREPROCESSOR_DEFINITIONS = (
					"DEBUG=1",
					"$(inherited)",
				);
				GCC_WARN_64_TO_32_BIT_CONVERSION = YES;
				GCC_WARN_ABOUT_RETURN_TYPE = YES_ERROR;
				GCC_WARN_UNDECLARED_SELECTOR = YES;
				GCC_WARN_UNINITIALIZED_AUTOS = YES_AGGRESSIVE;
				GCC_WARN_UNUSED_FUNCTION = YES;
				GCC_WARN_UNUSED_VARIABLE = YES;
				IPHONEOS_DEPLOYMENT_TARGET = 18.2;
				LOCALIZATION_PREFERS_STRING_CATALOGS = YES;
				MTL_ENABLE_DEBUG_INFO = INCLUDE_SOURCE;
				MTL_FAST_MATH = YES;
				ONLY_ACTIVE_ARCH = YES;
				SDKROOT = iphoneos;
				SWIFT_ACTIVE_COMPILATION_CONDITIONS = "DEBUG $(inherited)";
				SWIFT_OPTIMIZATION_LEVEL = "-Onone";
			};
			name = Debug;
		};
		11AFCFE62D5492F200C32454 /* Release */ = {
			isa = XCBuildConfiguration;
			buildSettings = {
				ALWAYS_SEARCH_USER_PATHS = NO;
				ASSETCATALOG_COMPILER_GENERATE_SWIFT_ASSET_SYMBOL_EXTENSIONS = YES;
				CLANG_ANALYZER_NONNULL = YES;
				CLANG_ANALYZER_NUMBER_OBJECT_CONVERSION = YES_AGGRESSIVE;
				CLANG_CXX_LANGUAGE_STANDARD = "gnu++20";
				CLANG_ENABLE_MODULES = YES;
				CLANG_ENABLE_OBJC_ARC = YES;
				CLANG_ENABLE_OBJC_WEAK = YES;
				CLANG_WARN_BLOCK_CAPTURE_AUTORELEASING = YES;
				CLANG_WARN_BOOL_CONVERSION = YES;
				CLANG_WARN_COMMA = YES;
				CLANG_WARN_CONSTANT_CONVERSION = YES;
				CLANG_WARN_DEPRECATED_OBJC_IMPLEMENTATIONS = YES;
				CLANG_WARN_DIRECT_OBJC_ISA_USAGE = YES_ERROR;
				CLANG_WARN_DOCUMENTATION_COMMENTS = YES;
				CLANG_WARN_EMPTY_BODY = YES;
				CLANG_WARN_ENUM_CONVERSION = YES;
				CLANG_WARN_INFINITE_RECURSION = YES;
				CLANG_WARN_INT_CONVERSION = YES;
				CLANG_WARN_NON_LITERAL_NULL_CONVERSION = YES;
				CLANG_WARN_OBJC_IMPLICIT_RETAIN_SELF = YES;
				CLANG_WARN_OBJC_LITERAL_CONVERSION = YES;
				CLANG_WARN_OBJC_ROOT_CLASS = YES_ERROR;
				CLANG_WARN_QUOTED_INCLUDE_IN_FRAMEWORK_HEADER = YES;
				CLANG_WARN_RANGE_LOOP_ANALYSIS = YES;
				CLANG_WARN_STRICT_PROTOTYPES = YES;
				CLANG_WARN_SUSPICIOUS_MOVE = YES;
				CLANG_WARN_UNGUARDED_AVAILABILITY = YES_AGGRESSIVE;
				CLANG_WARN_UNREACHABLE_CODE = YES;
				CLANG_WARN__DUPLICATE_METHOD_MATCH = YES;
				COPY_PHASE_STRIP = NO;
				DEBUG_INFORMATION_FORMAT = "dwarf-with-dsym";
				ENABLE_NS_ASSERTIONS = NO;
				ENABLE_STRICT_OBJC_MSGSEND = YES;
				ENABLE_USER_SCRIPT_SANDBOXING = YES;
				GCC_C_LANGUAGE_STANDARD = gnu17;
				GCC_NO_COMMON_BLOCKS = YES;
				GCC_WARN_64_TO_32_BIT_CONVERSION = YES;
				GCC_WARN_ABOUT_RETURN_TYPE = YES_ERROR;
				GCC_WARN_UNDECLARED_SELECTOR = YES;
				GCC_WARN_UNINITIALIZED_AUTOS = YES_AGGRESSIVE;
				GCC_WARN_UNUSED_FUNCTION = YES;
				GCC_WARN_UNUSED_VARIABLE = YES;
				IPHONEOS_DEPLOYMENT_TARGET = 18.2;
				LOCALIZATION_PREFERS_STRING_CATALOGS = YES;
				MTL_ENABLE_DEBUG_INFO = NO;
				MTL_FAST_MATH = YES;
				SDKROOT = iphoneos;
				SWIFT_COMPILATION_MODE = wholemodule;
				VALIDATE_PRODUCT = YES;
			};
			name = Release;
		};
		11AFCFE82D5492F200C32454 /* Debug */ = {
			isa = XCBuildConfiguration;
			buildSettings = {
				BUNDLE_LOADER = "$(TEST_HOST)";
				CODE_SIGN_STYLE = Automatic;
				CURRENT_PROJECT_VERSION = 1;
				DEVELOPMENT_TEAM = L63F7HLTNK;
				GENERATE_INFOPLIST_FILE = YES;
				IPHONEOS_DEPLOYMENT_TARGET = 18.2;
				MARKETING_VERSION = 1.0;
				PRODUCT_BUNDLE_IDENTIFIER = com.DemoTBLView.FastlaneJenkinsTests;
				PRODUCT_NAME = "$(TARGET_NAME)";
				SWIFT_EMIT_LOC_STRINGS = NO;
				SWIFT_VERSION = 5.0;
				TARGETED_DEVICE_FAMILY = "1,2";
				TEST_HOST = "$(BUILT_PRODUCTS_DIR)/FastlaneJenkins.app/$(BUNDLE_EXECUTABLE_FOLDER_PATH)/FastlaneJenkins";
			};
			name = Debug;
		};
		11AFCFE92D5492F200C32454 /* Release */ = {
			isa = XCBuildConfiguration;
			buildSettings = {
				BUNDLE_LOADER = "$(TEST_HOST)";
				CODE_SIGN_STYLE = Automatic;
				CURRENT_PROJECT_VERSION = 1;
				DEVELOPMENT_TEAM = L63F7HLTNK;
				GENERATE_INFOPLIST_FILE = YES;
				IPHONEOS_DEPLOYMENT_TARGET = 18.2;
				MARKETING_VERSION = 1.0;
				PRODUCT_BUNDLE_IDENTIFIER = com.DemoTBLView.FastlaneJenkinsTests;
				PRODUCT_NAME = "$(TARGET_NAME)";
				SWIFT_EMIT_LOC_STRINGS = NO;
				SWIFT_VERSION = 5.0;
				TARGETED_DEVICE_FAMILY = "1,2";
				TEST_HOST = "$(BUILT_PRODUCTS_DIR)/FastlaneJenkins.app/$(BUNDLE_EXECUTABLE_FOLDER_PATH)/FastlaneJenkins";
			};
			name = Release;
		};
		11AFCFEB2D5492F200C32454 /* Debug */ = {
			isa = XCBuildConfiguration;
			buildSettings = {
				CODE_SIGN_STYLE = Automatic;
				CURRENT_PROJECT_VERSION = 1;
				DEVELOPMENT_TEAM = L63F7HLTNK;
				GENERATE_INFOPLIST_FILE = YES;
				MARKETING_VERSION = 1.0;
				PRODUCT_BUNDLE_IDENTIFIER = com.DemoTBLView.FastlaneJenkinsUITests;
				PRODUCT_NAME = "$(TARGET_NAME)";
				SWIFT_EMIT_LOC_STRINGS = NO;
				SWIFT_VERSION = 5.0;
				TARGETED_DEVICE_FAMILY = "1,2";
				TEST_TARGET_NAME = FastlaneJenkins;
			};
			name = Debug;
		};
		11AFCFEC2D5492F200C32454 /* Release */ = {
			isa = XCBuildConfiguration;
			buildSettings = {
				CODE_SIGN_STYLE = Automatic;
				CURRENT_PROJECT_VERSION = 1;
				DEVELOPMENT_TEAM = L63F7HLTNK;
				GENERATE_INFOPLIST_FILE = YES;
				MARKETING_VERSION = 1.0;
				PRODUCT_BUNDLE_IDENTIFIER = com.DemoTBLView.FastlaneJenkinsUITests;
				PRODUCT_NAME = "$(TARGET_NAME)";
				SWIFT_EMIT_LOC_STRINGS = NO;
				SWIFT_VERSION = 5.0;
				TARGETED_DEVICE_FAMILY = "1,2";
				TEST_TARGET_NAME = FastlaneJenkins;
			};
			name = Release;
		};
/* End XCBuildConfiguration section */

/* Begin XCConfigurationList section */
		11AFCFB42D5492F100C32454 /* Build configuration list for PBXProject "FastlaneJenkins" */ = {
			isa = XCConfigurationList;
			buildConfigurations = (
				11AFCFE52D5492F200C32454 /* Debug */,
				11AFCFE62D5492F200C32454 /* Release */,
			);
			defaultConfigurationIsVisible = 0;
			defaultConfigurationName = Release;
		};
		11AFCFE22D5492F200C32454 /* Build configuration list for PBXNativeTarget "FastlaneJenkins" */ = {
			isa = XCConfigurationList;
			buildConfigurations = (
				11AFCFE32D5492F200C32454 /* Debug */,
				11AFCFE42D5492F200C32454 /* Release */,
			);
			defaultConfigurationIsVisible = 0;
			defaultConfigurationName = Release;
		};
		11AFCFE72D5492F200C32454 /* Build configuration list for PBXNativeTarget "FastlaneJenkinsTests" */ = {
			isa = XCConfigurationList;
			buildConfigurations = (
				11AFCFE82D5492F200C32454 /* Debug */,
				11AFCFE92D5492F200C32454 /* Release */,
			);
			defaultConfigurationIsVisible = 0;
			defaultConfigurationName = Release;
		};
		11AFCFEA2D5492F200C32454 /* Build configuration list for PBXNativeTarget "FastlaneJenkinsUITests" */ = {
			isa = XCConfigurationList;
			buildConfigurations = (
				11AFCFEB2D5492F200C32454 /* Debug */,
				11AFCFEC2D5492F200C32454 /* Release */,
			);
			defaultConfigurationIsVisible = 0;
			defaultConfigurationName = Release;
		};
/* End XCConfigurationList section */
	};
	rootObject = 11AFCFB12D5492F100C32454 /* Project object */;
}
